// !$*UTF8*$!
{
	archiveVersion = 1;
	classes = {
	};
	objectVersion = 46;
	objects = {

/* Begin PBXBuildFile section */
		1D60589B0D05DD56006BFB54 /* main.m in Sources */ = {isa = PBXBuildFile; fileRef = 29B97316FDCFA39411CA2CEA /* main.m */; };
		1D60589F0D05DD5A006BFB54 /* Foundation.framework in Frameworks */ = {isa = PBXBuildFile; fileRef = 1D30AB110D05D00D00671497 /* Foundation.framework */; };
		1DF5F4E00D08C38300B7A737 /* UIKit.framework in Frameworks */ = {isa = PBXBuildFile; fileRef = 1DF5F4DF0D08C38300B7A737 /* UIKit.framework */; };
		288765FD0DF74451002DB57D /* CoreGraphics.framework in Frameworks */ = {isa = PBXBuildFile; fileRef = 288765FC0DF74451002DB57D /* CoreGraphics.framework */; };
		28AD733F0D9D9553002E5188 /* MainWindow.xib in Resources */ = {isa = PBXBuildFile; fileRef = 28AD733E0D9D9553002E5188 /* MainWindow.xib */; };
		A015FBB011BC8FCD00012B50 /* RRQuestionViewController.m in Sources */ = {isa = PBXBuildFile; fileRef = A015FBAE11BC8FCD00012B50 /* RRQuestionViewController.m */; };
		A015FBB111BC8FCD00012B50 /* RRQuestionViewController.xib in Resources */ = {isa = PBXBuildFile; fileRef = A015FBAF11BC8FCD00012B50 /* RRQuestionViewController.xib */; };
		A03A788F11A9CE6800F03087 /* MediaPlayer.framework in Frameworks */ = {isa = PBXBuildFile; fileRef = A03A788E11A9CE6800F03087 /* MediaPlayer.framework */; };
		A03D272611E90BAF00A18539 /* RRSubTopicViewController.m in Sources */ = {isa = PBXBuildFile; fileRef = A03D272411E90BAF00A18539 /* RRSubTopicViewController.m */; };
		A03E36601131F28400315DB2 /* QuartzCore.framework in Frameworks */ = {isa = PBXBuildFile; fileRef = A03E365F1131F28400315DB2 /* QuartzCore.framework */; };
		A03E36701131FD8300315DB2 /* GraphViewController.m in Sources */ = {isa = PBXBuildFile; fileRef = A03E366F1131FD8300315DB2 /* GraphViewController.m */; };
		A03E36721131FEBB00315DB2 /* GraphViewController.xib in Resources */ = {isa = PBXBuildFile; fileRef = A03E36711131FEBB00315DB2 /* GraphViewController.xib */; };
		A03E37441132156E00315DB2 /* libCorePlot-CocoaTouch.a in Frameworks */ = {isa = PBXBuildFile; fileRef = A03E372F1132143300315DB2 /* libCorePlot-CocoaTouch.a */; };
		A05052FC117B9C9800BFB7F3 /* RRQuestion.m in Sources */ = {isa = PBXBuildFile; fileRef = A05052F9117B9C9800BFB7F3 /* RRQuestion.m */; };
		A05052FD117B9C9800BFB7F3 /* RRTimeRange.m in Sources */ = {isa = PBXBuildFile; fileRef = A05052FB117B9C9800BFB7F3 /* RRTimeRange.m */; };
		A0505300117B9CBF00BFB7F3 /* RRTopic.m in Sources */ = {isa = PBXBuildFile; fileRef = A05052FF117B9CBF00BFB7F3 /* RRTopic.m */; };
		A0505436117D762D00BFB7F3 /* RRMedia.m in Sources */ = {isa = PBXBuildFile; fileRef = A0505435117D762D00BFB7F3 /* RRMedia.m */; };
		A050E8C311E9A488002359D0 /* RRVideoListViewController.m in Sources */ = {isa = PBXBuildFile; fileRef = A050E8C111E9A488002359D0 /* RRVideoListViewController.m */; };
		A050E8C411E9A488002359D0 /* RRVideoListViewController.xib in Resources */ = {isa = PBXBuildFile; fileRef = A050E8C211E9A488002359D0 /* RRVideoListViewController.xib */; };
		A058FB3511E94EAF005FAD76 /* Icon.png in Resources */ = {isa = PBXBuildFile; fileRef = A058FB3411E94EAF005FAD76 /* Icon.png */; };
		A07288FD11FE9C1E0050A674 /* RRSettingsBaseTab.m in Sources */ = {isa = PBXBuildFile; fileRef = A07288FB11FE9C1E0050A674 /* RRSettingsBaseTab.m */; };
		A07288FE11FE9C1E0050A674 /* RRSettingsBaseTab.xib in Resources */ = {isa = PBXBuildFile; fileRef = A07288FC11FE9C1E0050A674 /* RRSettingsBaseTab.xib */; };
		A072895111FEA0E00050A674 /* RRAccountSettingsViewController.m in Sources */ = {isa = PBXBuildFile; fileRef = A072894F11FEA0E00050A674 /* RRAccountSettingsViewController.m */; };
		A072895211FEA0E00050A674 /* RRAccountSettingsViewController.xib in Resources */ = {isa = PBXBuildFile; fileRef = A072895011FEA0E00050A674 /* RRAccountSettingsViewController.xib */; };
		A07384DF11D7E55B004048C4 /* RRTopicPageViewController.m in Sources */ = {isa = PBXBuildFile; fileRef = A07384DD11D7E55B004048C4 /* RRTopicPageViewController.m */; };
		A07384E011D7E55B004048C4 /* RRTopicPageViewController.xib in Resources */ = {isa = PBXBuildFile; fileRef = A07384DE11D7E55B004048C4 /* RRTopicPageViewController.xib */; };
		A07384F511D7E70D004048C4 /* RRQAPageViewController.m in Sources */ = {isa = PBXBuildFile; fileRef = A07384F411D7E70D004048C4 /* RRQAPageViewController.m */; };
		A073850C11D7EB0E004048C4 /* RRVideoPageViewController.m in Sources */ = {isa = PBXBuildFile; fileRef = A073850B11D7EB0E004048C4 /* RRVideoPageViewController.m */; };
		A0A85CDE115FF1F0004CFD53 /* RRDatabaseInterface.m in Sources */ = {isa = PBXBuildFile; fileRef = A0A85CDD115FF1F0004CFD53 /* RRDatabaseInterface.m */; };
		A0C8F53E1208D8F400530B6F /* RRBabySettingsViewController.m in Sources */ = {isa = PBXBuildFile; fileRef = A0C8F53C1208D8F400530B6F /* RRBabySettingsViewController.m */; };
		A0C8F53F1208D8F400530B6F /* RRBabySettingsViewController.xib in Resources */ = {isa = PBXBuildFile; fileRef = A0C8F53D1208D8F400530B6F /* RRBabySettingsViewController.xib */; };
		A0E1C1BB112A23D1008E5A2D /* RugRatAppDelegate.m in Sources */ = {isa = PBXBuildFile; fileRef = A0E1C1BA112A23D1008E5A2D /* RugRatAppDelegate.m */; };
		A0E515001156FC0A004A0CCE /* rugrat_db.sqlite in Resources */ = {isa = PBXBuildFile; fileRef = A0E514FF1156FC0A004A0CCE /* rugrat_db.sqlite */; };
		A0E51535115719CA004A0CCE /* leftArrowIcon.png in Resources */ = {isa = PBXBuildFile; fileRef = A0E51533115719CA004A0CCE /* leftArrowIcon.png */; };
		A0E51536115719CA004A0CCE /* rightArrowIcon.png in Resources */ = {isa = PBXBuildFile; fileRef = A0E51534115719CA004A0CCE /* rightArrowIcon.png */; };
		A0F11F2211E944A3007125E3 /* Default.png in Resources */ = {isa = PBXBuildFile; fileRef = A0F11F2111E944A3007125E3 /* Default.png */; };
		AF2A9A7D10BB895700B1D39E /* PopupAndProgressController.m in Sources */ = {isa = PBXBuildFile; fileRef = AF2A9A7B10BB895700B1D39E /* PopupAndProgressController.m */; };
		AF2A9A7E10BB895700B1D39E /* PopupAndProgressController.xib in Resources */ = {isa = PBXBuildFile; fileRef = AF2A9A7C10BB895700B1D39E /* PopupAndProgressController.xib */; };
		B796155B10A7B7440067B141 /* RRLogViewController.m in Sources */ = {isa = PBXBuildFile; fileRef = B796155910A7B7440067B141 /* RRLogViewController.m */; };
		B796155C10A7B7440067B141 /* RRLogViewController.xib in Resources */ = {isa = PBXBuildFile; fileRef = B796155A10A7B7440067B141 /* RRLogViewController.xib */; };
		B796157810A7B8E20067B141 /* RRVideoViewController.m in Sources */ = {isa = PBXBuildFile; fileRef = B796157610A7B8E20067B141 /* RRVideoViewController.m */; };
		B796157910A7B8E20067B141 /* RRVideoViewController.xib in Resources */ = {isa = PBXBuildFile; fileRef = B796157710A7B8E20067B141 /* RRVideoViewController.xib */; };
		B796164810A8C2DD0067B141 /* YouTubeViewController.m in Sources */ = {isa = PBXBuildFile; fileRef = B796164610A8C2DD0067B141 /* YouTubeViewController.m */; };
		B796164910A8C2DD0067B141 /* YouTubeViewController.xib in Resources */ = {isa = PBXBuildFile; fileRef = B796164710A8C2DD0067B141 /* YouTubeViewController.xib */; };
		B79CB31510B0C34A00DEC76B /* libsqlite3.dylib in Frameworks */ = {isa = PBXBuildFile; fileRef = B79CB31410B0C34A00DEC76B /* libsqlite3.dylib */; };
		B79CB31910B0CCE200DEC76B /* questions.sqlite in Resources */ = {isa = PBXBuildFile; fileRef = B79CB31810B0CCE200DEC76B /* questions.sqlite */; };
		B7DA424D10A907F7009F936E /* cavity_flow_movie.mp4 in Resources */ = {isa = PBXBuildFile; fileRef = B7DA424C10A907F7009F936E /* cavity_flow_movie.mp4 */; };
/* End PBXBuildFile section */

/* Begin PBXContainerItemProxy section */
		A03E372E1132143300315DB2 /* PBXContainerItemProxy */ = {
			isa = PBXContainerItemProxy;
			containerPortal = A03E364E1131EEF500315DB2 /* CorePlot-CocoaTouch.xcodeproj */;
			proxyType = 2;
			remoteGlobalIDString = BC9B83470FB8A0A40035D8DA;
			remoteInfo = "CorePlot-CocoaTouch";
		};
		A03E37391132150900315DB2 /* PBXContainerItemProxy */ = {
			isa = PBXContainerItemProxy;
			containerPortal = A03E364E1131EEF500315DB2 /* CorePlot-CocoaTouch.xcodeproj */;
			proxyType = 1;
			remoteGlobalIDString = BC9B83460FB8A0A40035D8DA;
			remoteInfo = "CorePlot-CocoaTouch";
		};
/* End PBXContainerItemProxy section */

/* Begin PBXFileReference section */
		1D30AB110D05D00D00671497 /* Foundation.framework */ = {isa = PBXFileReference; lastKnownFileType = wrapper.framework; name = Foundation.framework; path = System/Library/Frameworks/Foundation.framework; sourceTree = SDKROOT; };
		1D6058910D05DD3D006BFB54 /* RugRat.app */ = {isa = PBXFileReference; explicitFileType = wrapper.application; includeInIndex = 0; path = RugRat.app; sourceTree = BUILT_PRODUCTS_DIR; };
		1DF5F4DF0D08C38300B7A737 /* UIKit.framework */ = {isa = PBXFileReference; lastKnownFileType = wrapper.framework; name = UIKit.framework; path = System/Library/Frameworks/UIKit.framework; sourceTree = SDKROOT; };
		288765FC0DF74451002DB57D /* CoreGraphics.framework */ = {isa = PBXFileReference; lastKnownFileType = wrapper.framework; name = CoreGraphics.framework; path = System/Library/Frameworks/CoreGraphics.framework; sourceTree = SDKROOT; };
		28AD733E0D9D9553002E5188 /* MainWindow.xib */ = {isa = PBXFileReference; lastKnownFileType = file.xib; path = MainWindow.xib; sourceTree = "<group>"; };
		29B97316FDCFA39411CA2CEA /* main.m */ = {isa = PBXFileReference; fileEncoding = 4; lastKnownFileType = sourcecode.c.objc; path = main.m; sourceTree = "<group>"; };
		32CA4F630368D1EE00C91783 /* RugRat_Prefix.pch */ = {isa = PBXFileReference; fileEncoding = 4; lastKnownFileType = sourcecode.c.h; path = RugRat_Prefix.pch; sourceTree = "<group>"; };
		8D1107310486CEB800E47090 /* RugRat-Info.plist */ = {isa = PBXFileReference; fileEncoding = 4; lastKnownFileType = text.plist.xml; path = "RugRat-Info.plist"; plistStructureDefinitionIdentifier = "com.apple.xcode.plist.structure-definition.iphone.info-plist"; sourceTree = "<group>"; };
		A015FBAD11BC8FCD00012B50 /* RRQuestionViewController.h */ = {isa = PBXFileReference; fileEncoding = 4; lastKnownFileType = sourcecode.c.h; path = RRQuestionViewController.h; sourceTree = "<group>"; };
		A015FBAE11BC8FCD00012B50 /* RRQuestionViewController.m */ = {isa = PBXFileReference; fileEncoding = 4; lastKnownFileType = sourcecode.c.objc; path = RRQuestionViewController.m; sourceTree = "<group>"; };
		A015FBAF11BC8FCD00012B50 /* RRQuestionViewController.xib */ = {isa = PBXFileReference; lastKnownFileType = file.xib; path = RRQuestionViewController.xib; sourceTree = "<group>"; };
		A03A788E11A9CE6800F03087 /* MediaPlayer.framework */ = {isa = PBXFileReference; lastKnownFileType = wrapper.framework; name = MediaPlayer.framework; path = System/Library/Frameworks/MediaPlayer.framework; sourceTree = SDKROOT; };
		A03D272411E90BAF00A18539 /* RRSubTopicViewController.m */ = {isa = PBXFileReference; fileEncoding = 4; lastKnownFileType = sourcecode.c.objc; path = RRSubTopicViewController.m; sourceTree = "<group>"; };
		A03D272511E90BAF00A18539 /* RRSubTopicViewController.h */ = {isa = PBXFileReference; fileEncoding = 4; lastKnownFileType = sourcecode.c.h; path = RRSubTopicViewController.h; sourceTree = "<group>"; };
		A03E364E1131EEF500315DB2 /* CorePlot-CocoaTouch.xcodeproj */ = {isa = PBXFileReference; explicitFileType = "wrapper.pb-project"; name = "CorePlot-CocoaTouch.xcodeproj"; path = "lib/core-plot/framework/CorePlot-CocoaTouch.xcodeproj"; sourceTree = "<group>"; };
		A03E365F1131F28400315DB2 /* QuartzCore.framework */ = {isa = PBXFileReference; lastKnownFileType = wrapper.framework; name = QuartzCore.framework; path = System/Library/Frameworks/QuartzCore.framework; sourceTree = SDKROOT; };
		A03E366E1131FD8200315DB2 /* GraphViewController.h */ = {isa = PBXFileReference; fileEncoding = 4; lastKnownFileType = sourcecode.c.h; path = GraphViewController.h; sourceTree = "<group>"; };
		A03E366F1131FD8300315DB2 /* GraphViewController.m */ = {isa = PBXFileReference; fileEncoding = 4; lastKnownFileType = sourcecode.c.objc; path = GraphViewController.m; sourceTree = "<group>"; };
		A03E36711131FEBB00315DB2 /* GraphViewController.xib */ = {isa = PBXFileReference; lastKnownFileType = file.xib; path = GraphViewController.xib; sourceTree = "<group>"; };
		A05052F8117B9C9800BFB7F3 /* RRQuestion.h */ = {isa = PBXFileReference; fileEncoding = 4; lastKnownFileType = sourcecode.c.h; path = RRQuestion.h; sourceTree = "<group>"; };
		A05052F9117B9C9800BFB7F3 /* RRQuestion.m */ = {isa = PBXFileReference; fileEncoding = 4; lastKnownFileType = sourcecode.c.objc; path = RRQuestion.m; sourceTree = "<group>"; };
		A05052FA117B9C9800BFB7F3 /* RRTimeRange.h */ = {isa = PBXFileReference; fileEncoding = 4; lastKnownFileType = sourcecode.c.h; path = RRTimeRange.h; sourceTree = "<group>"; };
		A05052FB117B9C9800BFB7F3 /* RRTimeRange.m */ = {isa = PBXFileReference; fileEncoding = 4; lastKnownFileType = sourcecode.c.objc; path = RRTimeRange.m; sourceTree = "<group>"; };
		A05052FE117B9CBF00BFB7F3 /* RRTopic.h */ = {isa = PBXFileReference; fileEncoding = 4; lastKnownFileType = sourcecode.c.h; path = RRTopic.h; sourceTree = "<group>"; };
		A05052FF117B9CBF00BFB7F3 /* RRTopic.m */ = {isa = PBXFileReference; fileEncoding = 4; lastKnownFileType = sourcecode.c.objc; path = RRTopic.m; sourceTree = "<group>"; };
		A0505434117D762D00BFB7F3 /* RRMedia.h */ = {isa = PBXFileReference; fileEncoding = 4; lastKnownFileType = sourcecode.c.h; path = RRMedia.h; sourceTree = "<group>"; };
		A0505435117D762D00BFB7F3 /* RRMedia.m */ = {isa = PBXFileReference; fileEncoding = 4; lastKnownFileType = sourcecode.c.objc; path = RRMedia.m; sourceTree = "<group>"; };
		A050E8C011E9A488002359D0 /* RRVideoListViewController.h */ = {isa = PBXFileReference; fileEncoding = 4; lastKnownFileType = sourcecode.c.h; path = RRVideoListViewController.h; sourceTree = "<group>"; };
		A050E8C111E9A488002359D0 /* RRVideoListViewController.m */ = {isa = PBXFileReference; fileEncoding = 4; lastKnownFileType = sourcecode.c.objc; path = RRVideoListViewController.m; sourceTree = "<group>"; };
		A050E8C211E9A488002359D0 /* RRVideoListViewController.xib */ = {isa = PBXFileReference; lastKnownFileType = file.xib; path = RRVideoListViewController.xib; sourceTree = "<group>"; };
		A058FB3411E94EAF005FAD76 /* Icon.png */ = {isa = PBXFileReference; lastKnownFileType = image.png; name = Icon.png; path = Resources/Icon.png; sourceTree = "<group>"; };
		A07288FA11FE9C1E0050A674 /* RRSettingsBaseTab.h */ = {isa = PBXFileReference; fileEncoding = 4; lastKnownFileType = sourcecode.c.h; path = RRSettingsBaseTab.h; sourceTree = "<group>"; };
		A07288FB11FE9C1E0050A674 /* RRSettingsBaseTab.m */ = {isa = PBXFileReference; fileEncoding = 4; lastKnownFileType = sourcecode.c.objc; path = RRSettingsBaseTab.m; sourceTree = "<group>"; };
		A07288FC11FE9C1E0050A674 /* RRSettingsBaseTab.xib */ = {isa = PBXFileReference; lastKnownFileType = file.xib; path = RRSettingsBaseTab.xib; sourceTree = "<group>"; };
		A072894E11FEA0E00050A674 /* RRAccountSettingsViewController.h */ = {isa = PBXFileReference; fileEncoding = 4; lastKnownFileType = sourcecode.c.h; path = RRAccountSettingsViewController.h; sourceTree = "<group>"; };
		A072894F11FEA0E00050A674 /* RRAccountSettingsViewController.m */ = {isa = PBXFileReference; fileEncoding = 4; lastKnownFileType = sourcecode.c.objc; path = RRAccountSettingsViewController.m; sourceTree = "<group>"; };
		A072895011FEA0E00050A674 /* RRAccountSettingsViewController.xib */ = {isa = PBXFileReference; lastKnownFileType = file.xib; path = RRAccountSettingsViewController.xib; sourceTree = "<group>"; };
		A07384DC11D7E55B004048C4 /* RRTopicPageViewController.h */ = {isa = PBXFileReference; fileEncoding = 4; lastKnownFileType = sourcecode.c.h; path = RRTopicPageViewController.h; sourceTree = "<group>"; };
		A07384DD11D7E55B004048C4 /* RRTopicPageViewController.m */ = {isa = PBXFileReference; fileEncoding = 4; lastKnownFileType = sourcecode.c.objc; path = RRTopicPageViewController.m; sourceTree = "<group>"; };
		A07384DE11D7E55B004048C4 /* RRTopicPageViewController.xib */ = {isa = PBXFileReference; lastKnownFileType = file.xib; path = RRTopicPageViewController.xib; sourceTree = "<group>"; };
		A07384F311D7E70D004048C4 /* RRQAPageViewController.h */ = {isa = PBXFileReference; fileEncoding = 4; lastKnownFileType = sourcecode.c.h; path = RRQAPageViewController.h; sourceTree = "<group>"; };
		A07384F411D7E70D004048C4 /* RRQAPageViewController.m */ = {isa = PBXFileReference; fileEncoding = 4; lastKnownFileType = sourcecode.c.objc; path = RRQAPageViewController.m; sourceTree = "<group>"; };
		A073850A11D7EB0E004048C4 /* RRVideoPageViewController.h */ = {isa = PBXFileReference; fileEncoding = 4; lastKnownFileType = sourcecode.c.h; path = RRVideoPageViewController.h; sourceTree = "<group>"; };
		A073850B11D7EB0E004048C4 /* RRVideoPageViewController.m */ = {isa = PBXFileReference; fileEncoding = 4; lastKnownFileType = sourcecode.c.objc; path = RRVideoPageViewController.m; sourceTree = "<group>"; };
		A0A85CDC115FF1F0004CFD53 /* RRDatabaseInterface.h */ = {isa = PBXFileReference; fileEncoding = 4; lastKnownFileType = sourcecode.c.h; path = RRDatabaseInterface.h; sourceTree = "<group>"; };
		A0A85CDD115FF1F0004CFD53 /* RRDatabaseInterface.m */ = {isa = PBXFileReference; fileEncoding = 4; lastKnownFileType = sourcecode.c.objc; path = RRDatabaseInterface.m; sourceTree = "<group>"; };
		A0C1D3241184DCD10012DA20 /* RRLog.h */ = {isa = PBXFileReference; fileEncoding = 4; lastKnownFileType = sourcecode.c.h; path = RRLog.h; sourceTree = "<group>"; };
		A0C8F53B1208D8F400530B6F /* RRBabySettingsViewController.h */ = {isa = PBXFileReference; fileEncoding = 4; lastKnownFileType = sourcecode.c.h; path = RRBabySettingsViewController.h; sourceTree = "<group>"; };
		A0C8F53C1208D8F400530B6F /* RRBabySettingsViewController.m */ = {isa = PBXFileReference; fileEncoding = 4; lastKnownFileType = sourcecode.c.objc; path = RRBabySettingsViewController.m; sourceTree = "<group>"; };
		A0C8F53D1208D8F400530B6F /* RRBabySettingsViewController.xib */ = {isa = PBXFileReference; lastKnownFileType = file.xib; path = RRBabySettingsViewController.xib; sourceTree = "<group>"; };
		A0E1C1B9112A23D1008E5A2D /* RugRatAppDelegate.h */ = {isa = PBXFileReference; fileEncoding = 4; lastKnownFileType = sourcecode.c.h; path = RugRatAppDelegate.h; sourceTree = "<group>"; };
		A0E1C1BA112A23D1008E5A2D /* RugRatAppDelegate.m */ = {isa = PBXFileReference; fileEncoding = 4; lastKnownFileType = sourcecode.c.objc; path = RugRatAppDelegate.m; sourceTree = "<group>"; };
		A0E514FF1156FC0A004A0CCE /* rugrat_db.sqlite */ = {isa = PBXFileReference; lastKnownFileType = file; name = rugrat_db.sqlite; path = Resources/rugrat_db.sqlite; sourceTree = "<group>"; };
		A0E51533115719CA004A0CCE /* leftArrowIcon.png */ = {isa = PBXFileReference; lastKnownFileType = image.png; name = leftArrowIcon.png; path = Resources/images/leftArrowIcon.png; sourceTree = "<group>"; };
		A0E51534115719CA004A0CCE /* rightArrowIcon.png */ = {isa = PBXFileReference; lastKnownFileType = image.png; name = rightArrowIcon.png; path = Resources/images/rightArrowIcon.png; sourceTree = "<group>"; };
		A0F11F2111E944A3007125E3 /* Default.png */ = {isa = PBXFileReference; lastKnownFileType = image.png; name = Default.png; path = Resources/Default.png; sourceTree = "<group>"; };
		AF2A9A7A10BB895700B1D39E /* PopupAndProgressController.h */ = {isa = PBXFileReference; fileEncoding = 4; lastKnownFileType = sourcecode.c.h; path = PopupAndProgressController.h; sourceTree = "<group>"; };
		AF2A9A7B10BB895700B1D39E /* PopupAndProgressController.m */ = {isa = PBXFileReference; fileEncoding = 4; lastKnownFileType = sourcecode.c.objc; path = PopupAndProgressController.m; sourceTree = "<group>"; };
		AF2A9A7C10BB895700B1D39E /* PopupAndProgressController.xib */ = {isa = PBXFileReference; lastKnownFileType = file.xib; path = PopupAndProgressController.xib; sourceTree = "<group>"; };
		B796155810A7B7440067B141 /* RRLogViewController.h */ = {isa = PBXFileReference; fileEncoding = 4; lastKnownFileType = sourcecode.c.h; path = RRLogViewController.h; sourceTree = "<group>"; };
		B796155910A7B7440067B141 /* RRLogViewController.m */ = {isa = PBXFileReference; fileEncoding = 4; lastKnownFileType = sourcecode.c.objc; path = RRLogViewController.m; sourceTree = "<group>"; };
		B796155A10A7B7440067B141 /* RRLogViewController.xib */ = {isa = PBXFileReference; lastKnownFileType = file.xib; path = RRLogViewController.xib; sourceTree = "<group>"; };
		B796157510A7B8E20067B141 /* RRVideoViewController.h */ = {isa = PBXFileReference; fileEncoding = 4; lastKnownFileType = sourcecode.c.h; path = RRVideoViewController.h; sourceTree = "<group>"; };
		B796157610A7B8E20067B141 /* RRVideoViewController.m */ = {isa = PBXFileReference; fileEncoding = 4; lastKnownFileType = sourcecode.c.objc; path = RRVideoViewController.m; sourceTree = "<group>"; };
		B796157710A7B8E20067B141 /* RRVideoViewController.xib */ = {isa = PBXFileReference; lastKnownFileType = file.xib; path = RRVideoViewController.xib; sourceTree = "<group>"; };
		B796164510A8C2DD0067B141 /* YouTubeViewController.h */ = {isa = PBXFileReference; fileEncoding = 4; lastKnownFileType = sourcecode.c.h; path = YouTubeViewController.h; sourceTree = "<group>"; };
		B796164610A8C2DD0067B141 /* YouTubeViewController.m */ = {isa = PBXFileReference; fileEncoding = 4; lastKnownFileType = sourcecode.c.objc; path = YouTubeViewController.m; sourceTree = "<group>"; };
		B796164710A8C2DD0067B141 /* YouTubeViewController.xib */ = {isa = PBXFileReference; lastKnownFileType = file.xib; path = YouTubeViewController.xib; sourceTree = "<group>"; };
		B79CB31410B0C34A00DEC76B /* libsqlite3.dylib */ = {isa = PBXFileReference; lastKnownFileType = "compiled.mach-o.dylib"; name = libsqlite3.dylib; path = /usr/lib/libsqlite3.dylib; sourceTree = "<absolute>"; };
		B79CB31810B0CCE200DEC76B /* questions.sqlite */ = {isa = PBXFileReference; lastKnownFileType = file; name = questions.sqlite; path = Resources/questions.sqlite; sourceTree = "<group>"; };
		B7DA424C10A907F7009F936E /* cavity_flow_movie.mp4 */ = {isa = PBXFileReference; lastKnownFileType = file; name = cavity_flow_movie.mp4; path = Resources/cavity_flow_movie.mp4; sourceTree = "<group>"; };
/* End PBXFileReference section */

/* Begin PBXFrameworksBuildPhase section */
		1D60588F0D05DD3D006BFB54 /* Frameworks */ = {
			isa = PBXFrameworksBuildPhase;
			buildActionMask = 2147483647;
			files = (
				A03E37441132156E00315DB2 /* libCorePlot-CocoaTouch.a in Frameworks */,
				1D60589F0D05DD5A006BFB54 /* Foundation.framework in Frameworks */,
				1DF5F4E00D08C38300B7A737 /* UIKit.framework in Frameworks */,
				288765FD0DF74451002DB57D /* CoreGraphics.framework in Frameworks */,
				B79CB31510B0C34A00DEC76B /* libsqlite3.dylib in Frameworks */,
				A03E36601131F28400315DB2 /* QuartzCore.framework in Frameworks */,
				A03A788F11A9CE6800F03087 /* MediaPlayer.framework in Frameworks */,
			);
			runOnlyForDeploymentPostprocessing = 0;
		};
/* End PBXFrameworksBuildPhase section */

/* Begin PBXGroup section */
		19C28FACFE9D520D11CA2CBB /* Products */ = {
			isa = PBXGroup;
			children = (
				1D6058910D05DD3D006BFB54 /* RugRat.app */,
			);
			name = Products;
			sourceTree = "<group>";
		};
		29B97314FDCFA39411CA2CEA /* CustomTemplate */ = {
			isa = PBXGroup;
			children = (
				A03E364E1131EEF500315DB2 /* CorePlot-CocoaTouch.xcodeproj */,
				B796155410A7B6B80067B141 /* Models */,
				B796155610A7B6C40067B141 /* Views */,
				B796155710A7B6D60067B141 /* Controllers */,
				A00A029D112A22FC000F68CC /* Delegates */,
				29B97315FDCFA39411CA2CEA /* Other Sources */,
				A072894311FEA01C0050A674 /* Sample Code */,
				29B97317FDCFA39411CA2CEA /* Resources */,
				29B97323FDCFA39411CA2CEA /* Frameworks */,
				19C28FACFE9D520D11CA2CBB /* Products */,
			);
			name = CustomTemplate;
			sourceTree = "<group>";
		};
		29B97315FDCFA39411CA2CEA /* Other Sources */ = {
			isa = PBXGroup;
			children = (
				A0C1D3241184DCD10012DA20 /* RRLog.h */,
				32CA4F630368D1EE00C91783 /* RugRat_Prefix.pch */,
				29B97316FDCFA39411CA2CEA /* main.m */,
			);
			name = "Other Sources";
			sourceTree = "<group>";
		};
		29B97317FDCFA39411CA2CEA /* Resources */ = {
			isa = PBXGroup;
			children = (
				A058FB3411E94EAF005FAD76 /* Icon.png */,
				A0F11F2111E944A3007125E3 /* Default.png */,
				A0E51532115719B5004A0CCE /* images */,
				A0E514FF1156FC0A004A0CCE /* rugrat_db.sqlite */,
				B79CB31810B0CCE200DEC76B /* questions.sqlite */,
				B7DA424C10A907F7009F936E /* cavity_flow_movie.mp4 */,
				8D1107310486CEB800E47090 /* RugRat-Info.plist */,
			);
			name = Resources;
			sourceTree = "<group>";
		};
		29B97323FDCFA39411CA2CEA /* Frameworks */ = {
			isa = PBXGroup;
			children = (
				1DF5F4DF0D08C38300B7A737 /* UIKit.framework */,
				1D30AB110D05D00D00671497 /* Foundation.framework */,
				288765FC0DF74451002DB57D /* CoreGraphics.framework */,
				B79CB31410B0C34A00DEC76B /* libsqlite3.dylib */,
				A03E365F1131F28400315DB2 /* QuartzCore.framework */,
				A03A788E11A9CE6800F03087 /* MediaPlayer.framework */,
			);
			name = Frameworks;
			sourceTree = "<group>";
		};
		A00A029D112A22FC000F68CC /* Delegates */ = {
			isa = PBXGroup;
			children = (
				A0E1C1B9112A23D1008E5A2D /* RugRatAppDelegate.h */,
				A0E1C1BA112A23D1008E5A2D /* RugRatAppDelegate.m */,
			);
			name = Delegates;
			sourceTree = "<group>";
		};
		A03D272711E90BDD00A18539 /* TopicPageViewControllers */ = {
			isa = PBXGroup;
			children = (
				A07384DC11D7E55B004048C4 /* RRTopicPageViewController.h */,
				A07384DD11D7E55B004048C4 /* RRTopicPageViewController.m */,
				A07384DE11D7E55B004048C4 /* RRTopicPageViewController.xib */,
				A073850A11D7EB0E004048C4 /* RRVideoPageViewController.h */,
				A073850B11D7EB0E004048C4 /* RRVideoPageViewController.m */,
				A07384F311D7E70D004048C4 /* RRQAPageViewController.h */,
				A07384F411D7E70D004048C4 /* RRQAPageViewController.m */,
			);
			name = TopicPageViewControllers;
			sourceTree = "<group>";
		};
		A03D272811E90BF300A18539 /* SubTopicPageViewControllers */ = {
			isa = PBXGroup;
			children = (
				A03D272411E90BAF00A18539 /* RRSubTopicViewController.m */,
				A03D272511E90BAF00A18539 /* RRSubTopicViewController.h */,
				A015FBAD11BC8FCD00012B50 /* RRQuestionViewController.h */,
				A015FBAE11BC8FCD00012B50 /* RRQuestionViewController.m */,
				A015FBAF11BC8FCD00012B50 /* RRQuestionViewController.xib */,
				A050E8C011E9A488002359D0 /* RRVideoListViewController.h */,
				A050E8C111E9A488002359D0 /* RRVideoListViewController.m */,
				A050E8C211E9A488002359D0 /* RRVideoListViewController.xib */,
			);
			name = SubTopicPageViewControllers;
			sourceTree = "<group>";
		};
		A03E372A1132143300315DB2 /* Products */ = {
			isa = PBXGroup;
			children = (
				A03E372F1132143300315DB2 /* libCorePlot-CocoaTouch.a */,
			);
			name = Products;
			sourceTree = "<group>";
		};
		A07288F911FE9BF50050A674 /* Settings View Controllers */ = {
			isa = PBXGroup;
			children = (
				A07288FA11FE9C1E0050A674 /* RRSettingsBaseTab.h */,
				A07288FB11FE9C1E0050A674 /* RRSettingsBaseTab.m */,
				A07288FC11FE9C1E0050A674 /* RRSettingsBaseTab.xib */,
				A072894E11FEA0E00050A674 /* RRAccountSettingsViewController.h */,
				A072894F11FEA0E00050A674 /* RRAccountSettingsViewController.m */,
				A072895011FEA0E00050A674 /* RRAccountSettingsViewController.xib */,
				A0C8F53B1208D8F400530B6F /* RRBabySettingsViewController.h */,
				A0C8F53C1208D8F400530B6F /* RRBabySettingsViewController.m */,
				A0C8F53D1208D8F400530B6F /* RRBabySettingsViewController.xib */,
			);
			name = "Settings View Controllers";
			sourceTree = "<group>";
		};
		A072894311FEA01C0050A674 /* Sample Code */ = {
			isa = PBXGroup;
			children = (
				B796157510A7B8E20067B141 /* RRVideoViewController.h */,
				B796157610A7B8E20067B141 /* RRVideoViewController.m */,
				B796164510A8C2DD0067B141 /* YouTubeViewController.h */,
				B796164610A8C2DD0067B141 /* YouTubeViewController.m */,
				B796155810A7B7440067B141 /* RRLogViewController.h */,
				B796155910A7B7440067B141 /* RRLogViewController.m */,
				A03E366E1131FD8200315DB2 /* GraphViewController.h */,
				A03E366F1131FD8300315DB2 /* GraphViewController.m */,
				AF2A9A7A10BB895700B1D39E /* PopupAndProgressController.h */,
				AF2A9A7B10BB895700B1D39E /* PopupAndProgressController.m */,
				B796155A10A7B7440067B141 /* RRLogViewController.xib */,
				B796164710A8C2DD0067B141 /* YouTubeViewController.xib */,
				B796157710A7B8E20067B141 /* RRVideoViewController.xib */,
				AF2A9A7C10BB895700B1D39E /* PopupAndProgressController.xib */,
				A03E36711131FEBB00315DB2 /* GraphViewController.xib */,
			);
			name = "Sample Code";
			sourceTree = "<group>";
		};
		A0E51532115719B5004A0CCE /* images */ = {
			isa = PBXGroup;
			children = (
				A0E51533115719CA004A0CCE /* leftArrowIcon.png */,
				A0E51534115719CA004A0CCE /* rightArrowIcon.png */,
			);
			name = images;
			sourceTree = "<group>";
		};
		B796155410A7B6B80067B141 /* Models */ = {
			isa = PBXGroup;
			children = (
				A05052FE117B9CBF00BFB7F3 /* RRTopic.h */,
				A05052FF117B9CBF00BFB7F3 /* RRTopic.m */,
				A05052F8117B9C9800BFB7F3 /* RRQuestion.h */,
				A05052F9117B9C9800BFB7F3 /* RRQuestion.m */,
				A05052FA117B9C9800BFB7F3 /* RRTimeRange.h */,
				A05052FB117B9C9800BFB7F3 /* RRTimeRange.m */,
				A0A85CDC115FF1F0004CFD53 /* RRDatabaseInterface.h */,
				A0A85CDD115FF1F0004CFD53 /* RRDatabaseInterface.m */,
				A0505434117D762D00BFB7F3 /* RRMedia.h */,
				A0505435117D762D00BFB7F3 /* RRMedia.m */,
			);
			name = Models;
			sourceTree = "<group>";
		};
		B796155610A7B6C40067B141 /* Views */ = {
			isa = PBXGroup;
			children = (
				28AD733E0D9D9553002E5188 /* MainWindow.xib */,
			);
			name = Views;
			sourceTree = "<group>";
		};
		B796155710A7B6D60067B141 /* Controllers */ = {
			isa = PBXGroup;
			children = (
				A07288F911FE9BF50050A674 /* Settings View Controllers */,
				A03D272711E90BDD00A18539 /* TopicPageViewControllers */,
				A03D272811E90BF300A18539 /* SubTopicPageViewControllers */,
			);
			name = Controllers;
			sourceTree = "<group>";
		};
/* End PBXGroup section */

/* Begin PBXNativeTarget section */
		1D6058900D05DD3D006BFB54 /* RugRat */ = {
			isa = PBXNativeTarget;
			buildConfigurationList = 1D6058960D05DD3E006BFB54 /* Build configuration list for PBXNativeTarget "RugRat" */;
			buildPhases = (
				1D60588D0D05DD3D006BFB54 /* Resources */,
				1D60588E0D05DD3D006BFB54 /* Sources */,
				1D60588F0D05DD3D006BFB54 /* Frameworks */,
			);
			buildRules = (
			);
			dependencies = (
				A03E373A1132150900315DB2 /* PBXTargetDependency */,
			);
			name = RugRat;
			productName = RugRat;
			productReference = 1D6058910D05DD3D006BFB54 /* RugRat.app */;
			productType = "com.apple.product-type.application";
		};
/* End PBXNativeTarget section */

/* Begin PBXProject section */
		29B97313FDCFA39411CA2CEA /* Project object */ = {
			isa = PBXProject;
			buildConfigurationList = C01FCF4E08A954540054247B /* Build configuration list for PBXProject "RugRat" */;
			compatibilityVersion = "Xcode 3.2";
			hasScannedForEncodings = 1;
			mainGroup = 29B97314FDCFA39411CA2CEA /* CustomTemplate */;
			projectDirPath = "";
			projectReferences = (
				{
					ProductGroup = A03E372A1132143300315DB2 /* Products */;
					ProjectRef = A03E364E1131EEF500315DB2 /* CorePlot-CocoaTouch.xcodeproj */;
				},
			);
			projectRoot = "";
			targets = (
				1D6058900D05DD3D006BFB54 /* RugRat */,
			);
		};
/* End PBXProject section */

/* Begin PBXReferenceProxy section */
		A03E372F1132143300315DB2 /* libCorePlot-CocoaTouch.a */ = {
			isa = PBXReferenceProxy;
			fileType = archive.ar;
			path = "libCorePlot-CocoaTouch.a";
			remoteRef = A03E372E1132143300315DB2 /* PBXContainerItemProxy */;
			sourceTree = BUILT_PRODUCTS_DIR;
		};
/* End PBXReferenceProxy section */

/* Begin PBXResourcesBuildPhase section */
		1D60588D0D05DD3D006BFB54 /* Resources */ = {
			isa = PBXResourcesBuildPhase;
			buildActionMask = 2147483647;
			files = (
				28AD733F0D9D9553002E5188 /* MainWindow.xib in Resources */,
				B796155C10A7B7440067B141 /* RRLogViewController.xib in Resources */,
				B796157910A7B8E20067B141 /* RRVideoViewController.xib in Resources */,
				B796164910A8C2DD0067B141 /* YouTubeViewController.xib in Resources */,
				B7DA424D10A907F7009F936E /* cavity_flow_movie.mp4 in Resources */,
				B79CB31910B0CCE200DEC76B /* questions.sqlite in Resources */,
				AF2A9A7E10BB895700B1D39E /* PopupAndProgressController.xib in Resources */,
				A03E36721131FEBB00315DB2 /* GraphViewController.xib in Resources */,
				A0E515001156FC0A004A0CCE /* rugrat_db.sqlite in Resources */,
				A0E51535115719CA004A0CCE /* leftArrowIcon.png in Resources */,
				A0E51536115719CA004A0CCE /* rightArrowIcon.png in Resources */,
				A015FBB111BC8FCD00012B50 /* RRQuestionViewController.xib in Resources */,
				A07384E011D7E55B004048C4 /* RRTopicPageViewController.xib in Resources */,
				A0F11F2211E944A3007125E3 /* Default.png in Resources */,
				A058FB3511E94EAF005FAD76 /* Icon.png in Resources */,
				A050E8C411E9A488002359D0 /* RRVideoListViewController.xib in Resources */,
				A07288FE11FE9C1E0050A674 /* RRSettingsBaseTab.xib in Resources */,
				A072895211FEA0E00050A674 /* RRAccountSettingsViewController.xib in Resources */,
				A0C8F53F1208D8F400530B6F /* RRBabySettingsViewController.xib in Resources */,
			);
			runOnlyForDeploymentPostprocessing = 0;
		};
/* End PBXResourcesBuildPhase section */

/* Begin PBXSourcesBuildPhase section */
		1D60588E0D05DD3D006BFB54 /* Sources */ = {
			isa = PBXSourcesBuildPhase;
			buildActionMask = 2147483647;
			files = (
				1D60589B0D05DD56006BFB54 /* main.m in Sources */,
				B796155B10A7B7440067B141 /* RRLogViewController.m in Sources */,
				B796157810A7B8E20067B141 /* RRVideoViewController.m in Sources */,
				B796164810A8C2DD0067B141 /* YouTubeViewController.m in Sources */,
				AF2A9A7D10BB895700B1D39E /* PopupAndProgressController.m in Sources */,
				A0E1C1BB112A23D1008E5A2D /* RugRatAppDelegate.m in Sources */,
				A03E36701131FD8300315DB2 /* GraphViewController.m in Sources */,
				A0A85CDE115FF1F0004CFD53 /* RRDatabaseInterface.m in Sources */,
				A05052FC117B9C9800BFB7F3 /* RRQuestion.m in Sources */,
				A05052FD117B9C9800BFB7F3 /* RRTimeRange.m in Sources */,
				A0505300117B9CBF00BFB7F3 /* RRTopic.m in Sources */,
				A0505436117D762D00BFB7F3 /* RRMedia.m in Sources */,
				A015FBB011BC8FCD00012B50 /* RRQuestionViewController.m in Sources */,
				A07384DF11D7E55B004048C4 /* RRTopicPageViewController.m in Sources */,
				A07384F511D7E70D004048C4 /* RRQAPageViewController.m in Sources */,
				A073850C11D7EB0E004048C4 /* RRVideoPageViewController.m in Sources */,
				A03D272611E90BAF00A18539 /* RRSubTopicViewController.m in Sources */,
				A050E8C311E9A488002359D0 /* RRVideoListViewController.m in Sources */,
				A07288FD11FE9C1E0050A674 /* RRSettingsBaseTab.m in Sources */,
				A072895111FEA0E00050A674 /* RRAccountSettingsViewController.m in Sources */,
				A0C8F53E1208D8F400530B6F /* RRBabySettingsViewController.m in Sources */,
			);
			runOnlyForDeploymentPostprocessing = 0;
		};
/* End PBXSourcesBuildPhase section */

/* Begin PBXTargetDependency section */
		A03E373A1132150900315DB2 /* PBXTargetDependency */ = {
			isa = PBXTargetDependency;
			name = "CorePlot-CocoaTouch";
			targetProxy = A03E37391132150900315DB2 /* PBXContainerItemProxy */;
		};
/* End PBXTargetDependency section */

/* Begin XCBuildConfiguration section */
		1D6058940D05DD3E006BFB54 /* Debug */ = {
			isa = XCBuildConfiguration;
			buildSettings = {
				ALWAYS_SEARCH_USER_PATHS = NO;
				COPY_PHASE_STRIP = NO;
				GCC_DYNAMIC_NO_PIC = NO;
				GCC_OPTIMIZATION_LEVEL = 0;
				GCC_PRECOMPILE_PREFIX_HEADER = YES;
				GCC_PREFIX_HEADER = RugRat_Prefix.pch;
				INFOPLIST_FILE = "RugRat-Info.plist";
				PRODUCT_NAME = RugRat;
			};
			name = Debug;
		};
		1D6058950D05DD3E006BFB54 /* Release */ = {
			isa = XCBuildConfiguration;
			buildSettings = {
				ALWAYS_SEARCH_USER_PATHS = NO;
				COPY_PHASE_STRIP = YES;
				GCC_PRECOMPILE_PREFIX_HEADER = YES;
				GCC_PREFIX_HEADER = RugRat_Prefix.pch;
				INFOPLIST_FILE = "RugRat-Info.plist";
				PRODUCT_NAME = RugRat;
			};
			name = Release;
		};
		C01FCF4F08A954540054247B /* Debug */ = {
			isa = XCBuildConfiguration;
			buildSettings = {
				ARCHS = "$(ARCHS_STANDARD_32_BIT)";
				"CODE_SIGN_IDENTITY[sdk=iphoneos*]" = "iPhone Developer";
				GCC_C_LANGUAGE_STANDARD = c99;
				GCC_WARN_ABOUT_RETURN_TYPE = YES;
				GCC_WARN_UNUSED_VARIABLE = YES;
				HEADER_SEARCH_PATHS = "./lib/core-plot/framework/**";
				OTHER_LDFLAGS = (
					"-all_load",
					"-ObjC",
				);
				PREBINDING = NO;
				SDKROOT = iphonesimulator3.2;
			};
			name = Debug;
		};
		C01FCF5008A954540054247B /* Release */ = {
			isa = XCBuildConfiguration;
			buildSettings = {
				ARCHS = "$(ARCHS_STANDARD_32_BIT)";
				"CODE_SIGN_IDENTITY[sdk=iphoneos*]" = "iPhone Developer";
				GCC_C_LANGUAGE_STANDARD = c99;
				GCC_WARN_ABOUT_RETURN_TYPE = YES;
				GCC_WARN_UNUSED_VARIABLE = YES;
				HEADER_SEARCH_PATHS = "./lib/core-plot/framework/**";
				OTHER_LDFLAGS = (
					"-all_load",
					"-ObjC",
				);
				PREBINDING = NO;
				SDKROOT = iphonesimulator3.2;
			};
			name = Release;
		};
/* End XCBuildConfiguration section */

/* Begin XCConfigurationList section */
		1D6058960D05DD3E006BFB54 /* Build configuration list for PBXNativeTarget "RugRat" */ = {
			isa = XCConfigurationList;
			buildConfigurations = (
				1D6058940D05DD3E006BFB54 /* Debug */,
				1D6058950D05DD3E006BFB54 /* Release */,
			);
			defaultConfigurationIsVisible = 0;
			defaultConfigurationName = Release;
		};
		C01FCF4E08A954540054247B /* Build configuration list for PBXProject "RugRat" */ = {
			isa = XCConfigurationList;
			buildConfigurations = (
				C01FCF4F08A954540054247B /* Debug */,
				C01FCF5008A954540054247B /* Release */,
			);
			defaultConfigurationIsVisible = 0;
			defaultConfigurationName = Release;
		};
/* End XCConfigurationList section */
	};
	rootObject = 29B97313FDCFA39411CA2CEA /* Project object */;
}
